jordanreger.com/bsky/api v0.0.0-20240502184306-5d4d98343818 h1:Pe9WgGq4tRMih6RyEJ7VgZGaOL6n5A0keFfmH9oCYRM=
jordanreger.com/bsky/api v0.0.0-20240502184306-5d4d98343818/go.mod h1:ylSf8bwtNibjMkuSgfF661zNqKEYiDY1DGtkQyDsV/0=
jordanreger.com/bsky/feeds v0.0.0-20240508231046-0413e632a573 h1:TkjF46SI1WOnzGKxeEJoYi/BmXzTWcLRWiAyOQpYk8s=
jordanreger.com/bsky/feeds v0.0.0-20240508231046-0413e632a573/go.mod h1:pt7DbcRMYpuj40kU6erK9ycdwqgaX8Mqm4OLsyeDa1Y=
jordanreger.com/bsky/feeds/algorithms v0.0.0-20240508231046-0413e632a573 h1:xXKeFwGSgI8nlw7gtncfAlP1vCzrnBvHtrRSYVVTlko=
jordanreger.com/bsky/feeds/algorithms v0.0.0-20240508231046-0413e632a573/go.mod h1:xSnkfXc23gXH0+3+ts1GJaTvPsZg/z817Kc2+aJvHTY=
jordanreger.com/bsky/util v0.0.0-20240508162802-a227d9bb3da7 h1:wWE0qQCdLHQDuGyowCDdHS0+O/0zW7fHjJ4iqq60sy0=
jordanreger.com/bsky/util v0.0.0-20240508162802-a227d9bb3da7/go.mod h1:qGCb++h6UadQVB7GcWjxd9EpOSPNA0Jf16FUkpxXK48=
jordanreger.com/web/util v0.0.0-20240509195607-ec944f0288b2 h1:EQiYulJu98Bvrq4s9gPgymg5FfwDrvnJyJtHPH4UKcQ=
jordanreger.com/web/util v0.0.0-20240509195607-ec944f0288b2/go.mod h1:+2ErdTqoaCN4VVn2DYTiUWXLA2Bm7eDH9E50vmJnsGc=
